
Microsoft Visual Studio Solution File, Format Version 12.00
# Visual Studio Express 2013 for Web
VisualStudioVersion = 12.0.21005.1
MinimumVisualStudioVersion = 10.0.40219.1
Project("{FAE04EC0-301F-11D3-BF4B-00C04F79EFBC}") = "EmployeeManager", "EmployeeManager\EmployeeManager.csproj", "{5910FD72-2EA3-402D-B5D8-4E0B9B47B886}"
EndProject
Project("{FAE04EC0-301F-11D3-BF4B-00C04F79EFBC}") = "EmployeeManager.Tests", "EmployeeManager.Tests\EmployeeManager.Tests.csproj", "{780188C8-2FF9-4AD2-B3A3-603AAF7A910B}"
EndProject
Global
	GlobalSection(SolutionConfigurationPlatforms) = preSolution
		Debug|Any CPU = Debug|Any CPU
		Release|Any CPU = Release|Any CPU
	EndGlobalSection
	GlobalSection(ProjectConfigurationPlatforms) = postSolution
		{5910FD72-2EA3-402D-B5D8-4E0B9B47B886}.Debug|Any CPU.ActiveCfg = Debug|Any CPU
		{5910FD72-2EA3-402D-B5D8-4E0B9B47B886}.Debug|Any CPU.Build.0 = Debug|Any CPU
		{5910FD72-2EA3-402D-B5D8-4E0B9B47B886}.Release|Any CPU.ActiveCfg = Release|Any CPU
		{5910FD72-2EA3-402D-B5D8-4E0B9B47B886}.Release|Any CPU.Build.0 = Release|Any CPU
		{780188C8-2FF9-4AD2-B3A3-603AAF7A910B}.Debug|Any CPU.ActiveCfg = Debug|Any CPU
		{780188C8-2FF9-4AD2-B3A3-603AAF7A910B}.Debug|Any CPU.Build.0 = Debug|Any CPU
		{780188C8-2FF9-4AD2-B3A3-603AAF7A910B}.Release|Any CPU.ActiveCfg = Release|Any CPU
		{780188C8-2FF9-4AD2-B3A3-603AAF7A910B}.Release|Any CPU.Build.0 = Release|Any CPU
	EndGlobalSection
	GlobalSection(SolutionProperties) = preSolution
		HideSolutionNode = FALSE
	EndGlobalSection
EndGlobal
